
Microsoft Visual Studio Solution File, Format Version 11.00
# Visual Studio 2010
Project("{FAE04EC0-301F-11D3-BF4B-00C04F79EFBC}") = "survival_shooter-stable1 拷貝", "Assembly-CSharp.csproj", "{A63514E8-4F1D-0AD3-A09B-53FC38E373AB}"
EndProject
Project("{FAE04EC0-301F-11D3-BF4B-00C04F79EFBC}") = "survival_shooter-stable1 拷貝", "Assembly-CSharp-Editor.csproj", "{6457CB7A-0954-6C2A-2083-0A8C6B8D8665}"
EndProject
Global
	GlobalSection(SolutionConfigurationPlatforms) = preSolution
		Debug|Any CPU = Debug|Any CPU
		Release|Any CPU = Release|Any CPU
	EndGlobalSection
	GlobalSection(ProjectConfigurationPlatforms) = postSolution
		{A63514E8-4F1D-0AD3-A09B-53FC38E373AB}.Debug|Any CPU.ActiveCfg = Debug|Any CPU
		{A63514E8-4F1D-0AD3-A09B-53FC38E373AB}.Debug|Any CPU.Build.0 = Debug|Any CPU
		{A63514E8-4F1D-0AD3-A09B-53FC38E373AB}.Release|Any CPU.ActiveCfg = Release|Any CPU
		{A63514E8-4F1D-0AD3-A09B-53FC38E373AB}.Release|Any CPU.Build.0 = Release|Any CPU
		{6457CB7A-0954-6C2A-2083-0A8C6B8D8665}.Debug|Any CPU.ActiveCfg = Debug|Any CPU
		{6457CB7A-0954-6C2A-2083-0A8C6B8D8665}.Debug|Any CPU.Build.0 = Debug|Any CPU
		{6457CB7A-0954-6C2A-2083-0A8C6B8D8665}.Release|Any CPU.ActiveCfg = Release|Any CPU
		{6457CB7A-0954-6C2A-2083-0A8C6B8D8665}.Release|Any CPU.Build.0 = Release|Any CPU
	EndGlobalSection
	GlobalSection(SolutionProperties) = preSolution
		HideSolutionNode = FALSE
	EndGlobalSection
	GlobalSection(MonoDevelopProperties) = preSolution
		StartupItem = Assembly-CSharp.csproj
	EndGlobalSection
EndGlobal
